
Microsoft Visual Studio Solution File, Format Version 12.00
# Visual Studio 15
VisualStudioVersion = 15.0.26730.16
MinimumVisualStudioVersion = 10.0.40219.1
Project("{8BC9CEB8-8B4A-11D0-8D11-00A0C91BC942}") = "FoundationModellingCW7", "FoundationModellingCW7\FoundationModellingCW7.vcxproj", "{CAC88FCF-B025-44C6-A168-BE3D7897F45E}"
EndProject
Global
	GlobalSection(SolutionConfigurationPlatforms) = preSolution
		Debug|x64 = Debug|x64
		Debug|x86 = Debug|x86
		Release|x64 = Release|x64
		Release|x86 = Release|x86
	EndGlobalSection
	GlobalSection(ProjectConfigurationPlatforms) = postSolution
		{CAC88FCF-B025-44C6-A168-BE3D7897F45E}.Debug|x64.ActiveCfg = Debug|x64
		{CAC88FCF-B025-44C6-A168-BE3D7897F45E}.Debug|x64.Build.0 = Debug|x64
		{CAC88FCF-B025-44C6-A168-BE3D7897F45E}.Debug|x86.ActiveCfg = Debug|Win32
		{CAC88FCF-B025-44C6-A168-BE3D7897F45E}.Debug|x86.Build.0 = Debug|Win32
		{CAC88FCF-B025-44C6-A168-BE3D7897F45E}.Release|x64.ActiveCfg = Release|x64
		{CAC88FCF-B025-44C6-A168-BE3D7897F45E}.Release|x64.Build.0 = Release|x64
		{CAC88FCF-B025-44C6-A168-BE3D7897F45E}.Release|x86.ActiveCfg = Release|Win32
		{CAC88FCF-B025-44C6-A168-BE3D7897F45E}.Release|x86.Build.0 = Release|Win32
	EndGlobalSection
	GlobalSection(SolutionProperties) = preSolution
		HideSolutionNode = FALSE
	EndGlobalSection
	GlobalSection(ExtensibilityGlobals) = postSolution
		SolutionGuid = {CC6DBAA7-A34E-4854-91FB-9D69B5C55EE5}
	EndGlobalSection
EndGlobal
